// !$*UTF8*$!
{
	archiveVersion = 1;
	classes = {
	};
	objectVersion = 52;
	objects = {

/* Begin PBXAggregateTarget section */
		"HTTPRequest::HTTPRequestPackageTests::ProductTarget" /* HTTPRequestPackageTests */ = {
			isa = PBXAggregateTarget;
			buildConfigurationList = OBJ_159 /* Build configuration list for PBXAggregateTarget "HTTPRequestPackageTests" */;
			buildPhases = (
			);
			dependencies = (
				OBJ_162 /* PBXTargetDependency */,
			);
			name = HTTPRequestPackageTests;
			productName = HTTPRequestPackageTests;
		};
/* End PBXAggregateTarget section */

/* Begin PBXBuildFile section */
		B81B2DD9257E4AAF008FA95D /* main.swift in Sources */ = {isa = PBXBuildFile; fileRef = B81B2DD8257E4AAF008FA95D /* main.swift */; };
		B81B2E12257E4B3E008FA95D /* HTTPRequest.framework in Frameworks */ = {isa = PBXBuildFile; fileRef = "HTTPRequest::HTTPRequest::Product" /* HTTPRequest.framework */; };
		B81B2E13257E4B3E008FA95D /* HTTPRequest.framework in Embed Frameworks */ = {isa = PBXBuildFile; fileRef = "HTTPRequest::HTTPRequest::Product" /* HTTPRequest.framework */; settings = {ATTRIBUTES = (CodeSignOnCopy, RemoveHeadersOnCopy, ); }; };
		B81B2E23257E4B7E008FA95D /* URLComponents+Strava.swift in Sources */ = {isa = PBXBuildFile; fileRef = B81B2DF2257E4AB9008FA95D /* URLComponents+Strava.swift */; };
		B81B2E2A257E4B81008FA95D /* StravaAPI.swift in Sources */ = {isa = PBXBuildFile; fileRef = B81B2DF3257E4AB9008FA95D /* StravaAPI.swift */; };
		B81B2E38257E4B89008FA95D /* HTTPHeaders+Extensions.swift in Sources */ = {isa = PBXBuildFile; fileRef = B81B2DEC257E4AB9008FA95D /* HTTPHeaders+Extensions.swift */; };
		B81B2E3F257E4B8C008FA95D /* TokenFile.swift in Sources */ = {isa = PBXBuildFile; fileRef = B81B2DEF257E4AB9008FA95D /* TokenFile.swift */; };
		B81B2E46257E4B8E008FA95D /* TokenRequestFile.swift in Sources */ = {isa = PBXBuildFile; fileRef = B81B2DF0257E4AB9008FA95D /* TokenRequestFile.swift */; };
		B81B2E4D257E4B91008FA95D /* TokenRequest.swift in Sources */ = {isa = PBXBuildFile; fileRef = B81B2DE5257E4AB9008FA95D /* TokenRequest.swift */; };
		B81B2E54257E4B93008FA95D /* StravaModel.swift in Sources */ = {isa = PBXBuildFile; fileRef = B81B2DE6257E4AB9008FA95D /* StravaModel.swift */; };
		B81B2E5B257E4B96008FA95D /* Athlete.swift in Sources */ = {isa = PBXBuildFile; fileRef = B81B2DE7257E4AB9008FA95D /* Athlete.swift */; };
		B81B2E62257E4B98008FA95D /* Token.swift in Sources */ = {isa = PBXBuildFile; fileRef = B81B2DE8257E4AB9008FA95D /* Token.swift */; };
		B81B2E69257E4B9A008FA95D /* StravaSession.swift in Sources */ = {isa = PBXBuildFile; fileRef = B81B2DED257E4AB9008FA95D /* StravaSession.swift */; };
		B859FB7025F230E90058EDAC /* NotificationCenter+KeychainToken.swift in Sources */ = {isa = PBXBuildFile; fileRef = B859FB6D25F230E80058EDAC /* NotificationCenter+KeychainToken.swift */; };
		B859FB7125F230E90058EDAC /* KeychainError.swift in Sources */ = {isa = PBXBuildFile; fileRef = B859FB6E25F230E80058EDAC /* KeychainError.swift */; };
		B859FB7225F230E90058EDAC /* KeychainToken.swift in Sources */ = {isa = PBXBuildFile; fileRef = B859FB6F25F230E90058EDAC /* KeychainToken.swift */; };
		B866911B25BDA287003A10DB /* HTTPRequest+Build.swift in Sources */ = {isa = PBXBuildFile; fileRef = B866911A25BDA287003A10DB /* HTTPRequest+Build.swift */; };
		B872BEAF25A38BA70031D619 /* HTTPHeader+Headers.swift in Sources */ = {isa = PBXBuildFile; fileRef = B872BEAE25A38BA70031D619 /* HTTPHeader+Headers.swift */; };
		B872BEB525A38BBF0031D619 /* AFDataResponse+Model.swift in Sources */ = {isa = PBXBuildFile; fileRef = B872BEB425A38BBF0031D619 /* AFDataResponse+Model.swift */; };
		B872BEC325A38C0D0031D619 /* HierarchicalDateFormatter.swift in Sources */ = {isa = PBXBuildFile; fileRef = B872BEC225A38C0D0031D619 /* HierarchicalDateFormatter.swift */; };
		B872BEC925A38C3D0031D619 /* JSONDecoder+Default.swift in Sources */ = {isa = PBXBuildFile; fileRef = B872BEC825A38C3D0031D619 /* JSONDecoder+Default.swift */; };
		B872BECF25A38C4D0031D619 /* JSONEncoder+Default.swift in Sources */ = {isa = PBXBuildFile; fileRef = B872BECE25A38C4D0031D619 /* JSONEncoder+Default.swift */; };
		B872BED525A38C640031D619 /* Decodable+JSON.swift in Sources */ = {isa = PBXBuildFile; fileRef = B872BED425A38C640031D619 /* Decodable+JSON.swift */; };
		B872BEDB25A38C800031D619 /* Encodable+JSON.swift in Sources */ = {isa = PBXBuildFile; fileRef = B872BEDA25A38C800031D619 /* Encodable+JSON.swift */; };
		B887DD5B25FC24DF0053FDB4 /* Environment.swift in Sources */ = {isa = PBXBuildFile; fileRef = B887DD5A25FC24DF0053FDB4 /* Environment.swift */; };
		B89245B425E7C77F0026C4D9 /* Alamofire.xcframework in Frameworks */ = {isa = PBXBuildFile; fileRef = B89245B325E7C77F0026C4D9 /* Alamofire.xcframework */; };
		B89245CB25E7CB2B0026C4D9 /* String+Extensions.swift in Sources */ = {isa = PBXBuildFile; fileRef = B89245CA25E7CB2B0026C4D9 /* String+Extensions.swift */; };
		B89245D125E7D7D80026C4D9 /* TokenRequest+URLQueryItem.swift in Sources */ = {isa = PBXBuildFile; fileRef = B89245D025E7D7D80026C4D9 /* TokenRequest+URLQueryItem.swift */; };
		B89245E925E7DC8D0026C4D9 /* URL+ProjectDirectory.swift in Sources */ = {isa = PBXBuildFile; fileRef = B89245E825E7DC8D0026C4D9 /* URL+ProjectDirectory.swift */; };
		B89245FB25E7E24A0026C4D9 /* FileURLError.swift in Sources */ = {isa = PBXBuildFile; fileRef = B89245FA25E7E24A0026C4D9 /* FileURLError.swift */; };
		B892460525E7F36C0026C4D9 /* ModelFile.swift in Sources */ = {isa = PBXBuildFile; fileRef = B892460425E7F36C0026C4D9 /* ModelFile.swift */; };
		B8EC0FB426B30104002D4E44 /* KeychainTests.swift in Sources */ = {isa = PBXBuildFile; fileRef = B8EC0FB326B30104002D4E44 /* KeychainTests.swift */; };
		B8ED3FD925A209EC00685ADA /* FileManager+Extensions.swift in Sources */ = {isa = PBXBuildFile; fileRef = B81B2DEB257E4AB9008FA95D /* FileManager+Extensions.swift */; };
		OBJ_133 /* OSLog+Logger.swift in Sources */ = {isa = PBXBuildFile; fileRef = OBJ_10 /* OSLog+Logger.swift */; };
		OBJ_134 /* String+Data.swift in Sources */ = {isa = PBXBuildFile; fileRef = OBJ_11 /* String+Data.swift */; };
		OBJ_135 /* String+Extensions.swift in Sources */ = {isa = PBXBuildFile; fileRef = OBJ_12 /* String+Extensions.swift */; };
		OBJ_137 /* Array+URLQueryItem.swift in Sources */ = {isa = PBXBuildFile; fileRef = OBJ_14 /* Array+URLQueryItem.swift */; };
		OBJ_138 /* Configuration.swift in Sources */ = {isa = PBXBuildFile; fileRef = OBJ_16 /* Configuration.swift */; };
		OBJ_139 /* HTTPRequest.swift in Sources */ = {isa = PBXBuildFile; fileRef = OBJ_17 /* HTTPRequest.swift */; };
		OBJ_140 /* HTTPRequestable.swift in Sources */ = {isa = PBXBuildFile; fileRef = OBJ_18 /* HTTPRequestable.swift */; };
		OBJ_142 /* DateFormatter+ISO8601.swift in Sources */ = {isa = PBXBuildFile; fileRef = OBJ_21 /* DateFormatter+ISO8601.swift */; };
		OBJ_143 /* Model.swift in Sources */ = {isa = PBXBuildFile; fileRef = OBJ_22 /* Model.swift */; };
		OBJ_144 /* Result+Extensions.swift in Sources */ = {isa = PBXBuildFile; fileRef = OBJ_23 /* Result+Extensions.swift */; };
		OBJ_145 /* Result+Model.swift in Sources */ = {isa = PBXBuildFile; fileRef = OBJ_24 /* Result+Model.swift */; };
		OBJ_146 /* SnakeCaseModel.swift in Sources */ = {isa = PBXBuildFile; fileRef = OBJ_25 /* SnakeCaseModel.swift */; };
		OBJ_147 /* Session+URLRequest.swift in Sources */ = {isa = PBXBuildFile; fileRef = OBJ_27 /* Session+URLRequest.swift */; };
		OBJ_148 /* Session+URLRequestConvertible.swift in Sources */ = {isa = PBXBuildFile; fileRef = OBJ_28 /* Session+URLRequestConvertible.swift */; };
		OBJ_157 /* Package.swift in Sources */ = {isa = PBXBuildFile; fileRef = OBJ_6 /* Package.swift */; };
		OBJ_168 /* HTTPRequestTests.swift in Sources */ = {isa = PBXBuildFile; fileRef = OBJ_31 /* HTTPRequestTests.swift */; };
		OBJ_169 /* StringDataTests.swift in Sources */ = {isa = PBXBuildFile; fileRef = OBJ_32 /* StringDataTests.swift */; };
		OBJ_170 /* XCTestManifests.swift in Sources */ = {isa = PBXBuildFile; fileRef = OBJ_33 /* XCTestManifests.swift */; };
		OBJ_172 /* HTTPRequest.framework in Frameworks */ = {isa = PBXBuildFile; fileRef = "HTTPRequest::HTTPRequest::Product" /* HTTPRequest.framework */; };
/* End PBXBuildFile section */

/* Begin PBXContainerItemProxy section */
		B81B2E14257E4B3E008FA95D /* PBXContainerItemProxy */ = {
			isa = PBXContainerItemProxy;
			containerPortal = OBJ_1 /* Project object */;
			proxyType = 1;
			remoteGlobalIDString = "HTTPRequest::HTTPRequest";
			remoteInfo = HTTPRequest;
		};
		B89D922A257E3FCE00D17B85 /* PBXContainerItemProxy */ = {
			isa = PBXContainerItemProxy;
			containerPortal = OBJ_1 /* Project object */;
			proxyType = 1;
			remoteGlobalIDString = "HTTPRequest::HTTPRequest";
			remoteInfo = HTTPRequest;
		};
		B89D9230257E3FCF00D17B85 /* PBXContainerItemProxy */ = {
			isa = PBXContainerItemProxy;
			containerPortal = OBJ_1 /* Project object */;
			proxyType = 1;
			remoteGlobalIDString = "HTTPRequest::HTTPRequestTests";
			remoteInfo = HTTPRequestTests;
		};
/* End PBXContainerItemProxy section */

/* Begin PBXCopyFilesBuildPhase section */
		B81B2DD4257E4AAF008FA95D /* CopyFiles */ = {
			isa = PBXCopyFilesBuildPhase;
			buildActionMask = 2147483647;
			dstPath = /usr/share/man/man1/;
			dstSubfolderSpec = 0;
			files = (
			);
			runOnlyForDeploymentPostprocessing = 1;
		};
		B81B2E16257E4B3F008FA95D /* Embed Frameworks */ = {
			isa = PBXCopyFilesBuildPhase;
			buildActionMask = 2147483647;
			dstPath = "";
			dstSubfolderSpec = 10;
			files = (
				B81B2E13257E4B3E008FA95D /* HTTPRequest.framework in Embed Frameworks */,
			);
			name = "Embed Frameworks";
			runOnlyForDeploymentPostprocessing = 0;
		};
		B82C18CF25992A9F00212949 /* Carthage Debug Symbols */ = {
			isa = PBXCopyFilesBuildPhase;
			buildActionMask = 2147483647;
			dstPath = "";
			dstSubfolderSpec = 16;
			files = (
			);
			name = "Carthage Debug Symbols";
			runOnlyForDeploymentPostprocessing = 0;
		};
/* End PBXCopyFilesBuildPhase section */

/* Begin PBXFileReference section */
		B81B2DD6257E4AAF008FA95D /* StravaAPI */ = {isa = PBXFileReference; explicitFileType = "compiled.mach-o.executable"; includeInIndex = 0; path = StravaAPI; sourceTree = BUILT_PRODUCTS_DIR; };
		B81B2DD8257E4AAF008FA95D /* main.swift */ = {isa = PBXFileReference; lastKnownFileType = sourcecode.swift; path = main.swift; sourceTree = "<group>"; };
		B81B2DE5257E4AB9008FA95D /* TokenRequest.swift */ = {isa = PBXFileReference; lastKnownFileType = sourcecode.swift; path = TokenRequest.swift; sourceTree = "<group>"; };
		B81B2DE6257E4AB9008FA95D /* StravaModel.swift */ = {isa = PBXFileReference; lastKnownFileType = sourcecode.swift; path = StravaModel.swift; sourceTree = "<group>"; };
		B81B2DE7257E4AB9008FA95D /* Athlete.swift */ = {isa = PBXFileReference; lastKnownFileType = sourcecode.swift; path = Athlete.swift; sourceTree = "<group>"; };
		B81B2DE8257E4AB9008FA95D /* Token.swift */ = {isa = PBXFileReference; lastKnownFileType = sourcecode.swift; path = Token.swift; sourceTree = "<group>"; };
		B81B2DEB257E4AB9008FA95D /* FileManager+Extensions.swift */ = {isa = PBXFileReference; lastKnownFileType = sourcecode.swift; path = "FileManager+Extensions.swift"; sourceTree = "<group>"; };
		B81B2DEC257E4AB9008FA95D /* HTTPHeaders+Extensions.swift */ = {isa = PBXFileReference; lastKnownFileType = sourcecode.swift; path = "HTTPHeaders+Extensions.swift"; sourceTree = "<group>"; };
		B81B2DED257E4AB9008FA95D /* StravaSession.swift */ = {isa = PBXFileReference; lastKnownFileType = sourcecode.swift; path = StravaSession.swift; sourceTree = "<group>"; };
		B81B2DEF257E4AB9008FA95D /* TokenFile.swift */ = {isa = PBXFileReference; lastKnownFileType = sourcecode.swift; path = TokenFile.swift; sourceTree = "<group>"; };
		B81B2DF0257E4AB9008FA95D /* TokenRequestFile.swift */ = {isa = PBXFileReference; lastKnownFileType = sourcecode.swift; path = TokenRequestFile.swift; sourceTree = "<group>"; };
		B81B2DF2257E4AB9008FA95D /* URLComponents+Strava.swift */ = {isa = PBXFileReference; lastKnownFileType = sourcecode.swift; path = "URLComponents+Strava.swift"; sourceTree = "<group>"; };
		B81B2DF3257E4AB9008FA95D /* StravaAPI.swift */ = {isa = PBXFileReference; lastKnownFileType = sourcecode.swift; path = StravaAPI.swift; sourceTree = "<group>"; };
		B859FB6D25F230E80058EDAC /* NotificationCenter+KeychainToken.swift */ = {isa = PBXFileReference; fileEncoding = 4; lastKnownFileType = sourcecode.swift; path = "NotificationCenter+KeychainToken.swift"; sourceTree = "<group>"; };
		B859FB6E25F230E80058EDAC /* KeychainError.swift */ = {isa = PBXFileReference; fileEncoding = 4; lastKnownFileType = sourcecode.swift; path = KeychainError.swift; sourceTree = "<group>"; };
		B859FB6F25F230E90058EDAC /* KeychainToken.swift */ = {isa = PBXFileReference; fileEncoding = 4; lastKnownFileType = sourcecode.swift; path = KeychainToken.swift; sourceTree = "<group>"; };
		B866911A25BDA287003A10DB /* HTTPRequest+Build.swift */ = {isa = PBXFileReference; lastKnownFileType = sourcecode.swift; path = "HTTPRequest+Build.swift"; sourceTree = "<group>"; };
		B872BEAE25A38BA70031D619 /* HTTPHeader+Headers.swift */ = {isa = PBXFileReference; lastKnownFileType = sourcecode.swift; path = "HTTPHeader+Headers.swift"; sourceTree = "<group>"; };
		B872BEB425A38BBF0031D619 /* AFDataResponse+Model.swift */ = {isa = PBXFileReference; lastKnownFileType = sourcecode.swift; path = "AFDataResponse+Model.swift"; sourceTree = "<group>"; };
		B872BEC225A38C0D0031D619 /* HierarchicalDateFormatter.swift */ = {isa = PBXFileReference; lastKnownFileType = sourcecode.swift; path = HierarchicalDateFormatter.swift; sourceTree = "<group>"; };
		B872BEC825A38C3D0031D619 /* JSONDecoder+Default.swift */ = {isa = PBXFileReference; lastKnownFileType = sourcecode.swift; path = "JSONDecoder+Default.swift"; sourceTree = "<group>"; };
		B872BECE25A38C4D0031D619 /* JSONEncoder+Default.swift */ = {isa = PBXFileReference; lastKnownFileType = sourcecode.swift; path = "JSONEncoder+Default.swift"; sourceTree = "<group>"; };
		B872BED425A38C640031D619 /* Decodable+JSON.swift */ = {isa = PBXFileReference; lastKnownFileType = sourcecode.swift; path = "Decodable+JSON.swift"; sourceTree = "<group>"; };
		B872BEDA25A38C800031D619 /* Encodable+JSON.swift */ = {isa = PBXFileReference; lastKnownFileType = sourcecode.swift; path = "Encodable+JSON.swift"; sourceTree = "<group>"; };
		B887DD5A25FC24DF0053FDB4 /* Environment.swift */ = {isa = PBXFileReference; lastKnownFileType = sourcecode.swift; path = Environment.swift; sourceTree = "<group>"; };
		B89245B325E7C77F0026C4D9 /* Alamofire.xcframework */ = {isa = PBXFileReference; lastKnownFileType = wrapper.xcframework; name = Alamofire.xcframework; path = Carthage/Build/Alamofire.xcframework; sourceTree = "<group>"; };
		B89245CA25E7CB2B0026C4D9 /* String+Extensions.swift */ = {isa = PBXFileReference; lastKnownFileType = sourcecode.swift; path = "String+Extensions.swift"; sourceTree = "<group>"; };
		B89245D025E7D7D80026C4D9 /* TokenRequest+URLQueryItem.swift */ = {isa = PBXFileReference; lastKnownFileType = sourcecode.swift; path = "TokenRequest+URLQueryItem.swift"; sourceTree = "<group>"; };
		B89245E825E7DC8D0026C4D9 /* URL+ProjectDirectory.swift */ = {isa = PBXFileReference; lastKnownFileType = sourcecode.swift; path = "URL+ProjectDirectory.swift"; sourceTree = "<group>"; };
		B89245FA25E7E24A0026C4D9 /* FileURLError.swift */ = {isa = PBXFileReference; lastKnownFileType = sourcecode.swift; path = FileURLError.swift; sourceTree = "<group>"; };
		B892460425E7F36C0026C4D9 /* ModelFile.swift */ = {isa = PBXFileReference; lastKnownFileType = sourcecode.swift; path = ModelFile.swift; sourceTree = "<group>"; };
		B8EC0FB326B30104002D4E44 /* KeychainTests.swift */ = {isa = PBXFileReference; lastKnownFileType = sourcecode.swift; path = KeychainTests.swift; sourceTree = "<group>"; };
		"HTTPRequest::HTTPRequest::Product" /* HTTPRequest.framework */ = {isa = PBXFileReference; explicitFileType = wrapper.framework; path = HTTPRequest.framework; sourceTree = BUILT_PRODUCTS_DIR; };
		"HTTPRequest::HTTPRequestTests::Product" /* HTTPRequestTests.xctest */ = {isa = PBXFileReference; explicitFileType = wrapper.cfbundle; path = HTTPRequestTests.xctest; sourceTree = BUILT_PRODUCTS_DIR; };
		OBJ_10 /* OSLog+Logger.swift */ = {isa = PBXFileReference; lastKnownFileType = sourcecode.swift; path = "OSLog+Logger.swift"; sourceTree = "<group>"; };
		OBJ_11 /* String+Data.swift */ = {isa = PBXFileReference; lastKnownFileType = sourcecode.swift; path = "String+Data.swift"; sourceTree = "<group>"; };
		OBJ_12 /* String+Extensions.swift */ = {isa = PBXFileReference; lastKnownFileType = sourcecode.swift; path = "String+Extensions.swift"; sourceTree = "<group>"; };
		OBJ_14 /* Array+URLQueryItem.swift */ = {isa = PBXFileReference; lastKnownFileType = sourcecode.swift; path = "Array+URLQueryItem.swift"; sourceTree = "<group>"; };
		OBJ_16 /* Configuration.swift */ = {isa = PBXFileReference; lastKnownFileType = sourcecode.swift; path = Configuration.swift; sourceTree = "<group>"; };
		OBJ_17 /* HTTPRequest.swift */ = {isa = PBXFileReference; lastKnownFileType = sourcecode.swift; path = HTTPRequest.swift; sourceTree = "<group>"; };
		OBJ_18 /* HTTPRequestable.swift */ = {isa = PBXFileReference; lastKnownFileType = sourcecode.swift; path = HTTPRequestable.swift; sourceTree = "<group>"; };
		OBJ_21 /* DateFormatter+ISO8601.swift */ = {isa = PBXFileReference; lastKnownFileType = sourcecode.swift; path = "DateFormatter+ISO8601.swift"; sourceTree = "<group>"; };
		OBJ_22 /* Model.swift */ = {isa = PBXFileReference; lastKnownFileType = sourcecode.swift; path = Model.swift; sourceTree = "<group>"; };
		OBJ_23 /* Result+Extensions.swift */ = {isa = PBXFileReference; lastKnownFileType = sourcecode.swift; path = "Result+Extensions.swift"; sourceTree = "<group>"; };
		OBJ_24 /* Result+Model.swift */ = {isa = PBXFileReference; lastKnownFileType = sourcecode.swift; path = "Result+Model.swift"; sourceTree = "<group>"; };
		OBJ_25 /* SnakeCaseModel.swift */ = {isa = PBXFileReference; lastKnownFileType = sourcecode.swift; path = SnakeCaseModel.swift; sourceTree = "<group>"; };
		OBJ_27 /* Session+URLRequest.swift */ = {isa = PBXFileReference; lastKnownFileType = sourcecode.swift; path = "Session+URLRequest.swift"; sourceTree = "<group>"; };
		OBJ_28 /* Session+URLRequestConvertible.swift */ = {isa = PBXFileReference; lastKnownFileType = sourcecode.swift; path = "Session+URLRequestConvertible.swift"; sourceTree = "<group>"; };
		OBJ_31 /* HTTPRequestTests.swift */ = {isa = PBXFileReference; lastKnownFileType = sourcecode.swift; path = HTTPRequestTests.swift; sourceTree = "<group>"; };
		OBJ_32 /* StringDataTests.swift */ = {isa = PBXFileReference; lastKnownFileType = sourcecode.swift; path = StringDataTests.swift; sourceTree = "<group>"; };
		OBJ_33 /* XCTestManifests.swift */ = {isa = PBXFileReference; lastKnownFileType = sourcecode.swift; path = XCTestManifests.swift; sourceTree = "<group>"; };
		OBJ_36 /* Package.swift */ = {isa = PBXFileReference; explicitFileType = sourcecode.swift; name = Package.swift; path = /Users/benshutt/Desktop/iOS/HTTPRequest/.build/checkouts/Alamofire/Package.swift; sourceTree = "<group>"; };
		OBJ_37 /* AFError.swift */ = {isa = PBXFileReference; lastKnownFileType = sourcecode.swift; path = AFError.swift; sourceTree = "<group>"; };
		OBJ_38 /* Alamofire.swift */ = {isa = PBXFileReference; lastKnownFileType = sourcecode.swift; path = Alamofire.swift; sourceTree = "<group>"; };
		OBJ_39 /* AlamofireExtended.swift */ = {isa = PBXFileReference; lastKnownFileType = sourcecode.swift; path = AlamofireExtended.swift; sourceTree = "<group>"; };
		OBJ_40 /* AuthenticationInterceptor.swift */ = {isa = PBXFileReference; lastKnownFileType = sourcecode.swift; path = AuthenticationInterceptor.swift; sourceTree = "<group>"; };
		OBJ_41 /* CachedResponseHandler.swift */ = {isa = PBXFileReference; lastKnownFileType = sourcecode.swift; path = CachedResponseHandler.swift; sourceTree = "<group>"; };
		OBJ_42 /* Combine.swift */ = {isa = PBXFileReference; lastKnownFileType = sourcecode.swift; path = Combine.swift; sourceTree = "<group>"; };
		OBJ_43 /* DispatchQueue+Alamofire.swift */ = {isa = PBXFileReference; lastKnownFileType = sourcecode.swift; path = "DispatchQueue+Alamofire.swift"; sourceTree = "<group>"; };
		OBJ_44 /* EventMonitor.swift */ = {isa = PBXFileReference; lastKnownFileType = sourcecode.swift; path = EventMonitor.swift; sourceTree = "<group>"; };
		OBJ_45 /* HTTPHeaders.swift */ = {isa = PBXFileReference; lastKnownFileType = sourcecode.swift; path = HTTPHeaders.swift; sourceTree = "<group>"; };
		OBJ_46 /* HTTPMethod.swift */ = {isa = PBXFileReference; lastKnownFileType = sourcecode.swift; path = HTTPMethod.swift; sourceTree = "<group>"; };
		OBJ_47 /* MultipartFormData.swift */ = {isa = PBXFileReference; lastKnownFileType = sourcecode.swift; path = MultipartFormData.swift; sourceTree = "<group>"; };
		OBJ_48 /* MultipartUpload.swift */ = {isa = PBXFileReference; lastKnownFileType = sourcecode.swift; path = MultipartUpload.swift; sourceTree = "<group>"; };
		OBJ_49 /* NetworkReachabilityManager.swift */ = {isa = PBXFileReference; lastKnownFileType = sourcecode.swift; path = NetworkReachabilityManager.swift; sourceTree = "<group>"; };
		OBJ_50 /* Notifications.swift */ = {isa = PBXFileReference; lastKnownFileType = sourcecode.swift; path = Notifications.swift; sourceTree = "<group>"; };
		OBJ_51 /* OperationQueue+Alamofire.swift */ = {isa = PBXFileReference; lastKnownFileType = sourcecode.swift; path = "OperationQueue+Alamofire.swift"; sourceTree = "<group>"; };
		OBJ_52 /* ParameterEncoder.swift */ = {isa = PBXFileReference; lastKnownFileType = sourcecode.swift; path = ParameterEncoder.swift; sourceTree = "<group>"; };
		OBJ_53 /* ParameterEncoding.swift */ = {isa = PBXFileReference; lastKnownFileType = sourcecode.swift; path = ParameterEncoding.swift; sourceTree = "<group>"; };
		OBJ_54 /* Protected.swift */ = {isa = PBXFileReference; lastKnownFileType = sourcecode.swift; path = Protected.swift; sourceTree = "<group>"; };
		OBJ_55 /* RedirectHandler.swift */ = {isa = PBXFileReference; lastKnownFileType = sourcecode.swift; path = RedirectHandler.swift; sourceTree = "<group>"; };
		OBJ_56 /* Request.swift */ = {isa = PBXFileReference; lastKnownFileType = sourcecode.swift; path = Request.swift; sourceTree = "<group>"; };
		OBJ_57 /* RequestInterceptor.swift */ = {isa = PBXFileReference; lastKnownFileType = sourcecode.swift; path = RequestInterceptor.swift; sourceTree = "<group>"; };
		OBJ_58 /* RequestTaskMap.swift */ = {isa = PBXFileReference; lastKnownFileType = sourcecode.swift; path = RequestTaskMap.swift; sourceTree = "<group>"; };
		OBJ_59 /* Response.swift */ = {isa = PBXFileReference; lastKnownFileType = sourcecode.swift; path = Response.swift; sourceTree = "<group>"; };
		OBJ_6 /* Package.swift */ = {isa = PBXFileReference; explicitFileType = sourcecode.swift; path = Package.swift; sourceTree = "<group>"; };
		OBJ_60 /* ResponseSerialization.swift */ = {isa = PBXFileReference; lastKnownFileType = sourcecode.swift; path = ResponseSerialization.swift; sourceTree = "<group>"; };
		OBJ_61 /* Result+Alamofire.swift */ = {isa = PBXFileReference; lastKnownFileType = sourcecode.swift; path = "Result+Alamofire.swift"; sourceTree = "<group>"; };
		OBJ_62 /* RetryPolicy.swift */ = {isa = PBXFileReference; lastKnownFileType = sourcecode.swift; path = RetryPolicy.swift; sourceTree = "<group>"; };
		OBJ_63 /* ServerTrustEvaluation.swift */ = {isa = PBXFileReference; lastKnownFileType = sourcecode.swift; path = ServerTrustEvaluation.swift; sourceTree = "<group>"; };
		OBJ_64 /* Session.swift */ = {isa = PBXFileReference; lastKnownFileType = sourcecode.swift; path = Session.swift; sourceTree = "<group>"; };
		OBJ_65 /* SessionDelegate.swift */ = {isa = PBXFileReference; lastKnownFileType = sourcecode.swift; path = SessionDelegate.swift; sourceTree = "<group>"; };
		OBJ_66 /* StringEncoding+Alamofire.swift */ = {isa = PBXFileReference; lastKnownFileType = sourcecode.swift; path = "StringEncoding+Alamofire.swift"; sourceTree = "<group>"; };
		OBJ_67 /* URLConvertible+URLRequestConvertible.swift */ = {isa = PBXFileReference; lastKnownFileType = sourcecode.swift; path = "URLConvertible+URLRequestConvertible.swift"; sourceTree = "<group>"; };
		OBJ_68 /* URLEncodedFormEncoder.swift */ = {isa = PBXFileReference; lastKnownFileType = sourcecode.swift; path = URLEncodedFormEncoder.swift; sourceTree = "<group>"; };
		OBJ_69 /* URLRequest+Alamofire.swift */ = {isa = PBXFileReference; lastKnownFileType = sourcecode.swift; path = "URLRequest+Alamofire.swift"; sourceTree = "<group>"; };
		OBJ_70 /* URLSessionConfiguration+Alamofire.swift */ = {isa = PBXFileReference; lastKnownFileType = sourcecode.swift; path = "URLSessionConfiguration+Alamofire.swift"; sourceTree = "<group>"; };
		OBJ_71 /* Validation.swift */ = {isa = PBXFileReference; lastKnownFileType = sourcecode.swift; path = Validation.swift; sourceTree = "<group>"; };
		OBJ_77 /* LICENSE */ = {isa = PBXFileReference; lastKnownFileType = text; path = LICENSE; sourceTree = "<group>"; };
		OBJ_78 /* HTTPRequest.podspec */ = {isa = PBXFileReference; lastKnownFileType = text; path = HTTPRequest.podspec; sourceTree = "<group>"; };
		OBJ_79 /* README.md */ = {isa = PBXFileReference; lastKnownFileType = net.daringfireball.markdown; path = README.md; sourceTree = "<group>"; };
/* End PBXFileReference section */

/* Begin PBXFrameworksBuildPhase section */
		B81B2DD3257E4AAF008FA95D /* Frameworks */ = {
			isa = PBXFrameworksBuildPhase;
			buildActionMask = 2147483647;
			files = (
				B81B2E12257E4B3E008FA95D /* HTTPRequest.framework in Frameworks */,
			);
			runOnlyForDeploymentPostprocessing = 0;
		};
		OBJ_149 /* Frameworks */ = {
			isa = PBXFrameworksBuildPhase;
			buildActionMask = 0;
			files = (
				B89245B425E7C77F0026C4D9 /* Alamofire.xcframework in Frameworks */,
			);
			runOnlyForDeploymentPostprocessing = 0;
		};
		OBJ_171 /* Frameworks */ = {
			isa = PBXFrameworksBuildPhase;
			buildActionMask = 0;
			files = (
				OBJ_172 /* HTTPRequest.framework in Frameworks */,
			);
			runOnlyForDeploymentPostprocessing = 0;
		};
/* End PBXFrameworksBuildPhase section */

/* Begin PBXGroup section */
		B81B2DD7257E4AAF008FA95D /* StravaAPI */ = {
			isa = PBXGroup;
			children = (
				B81B2DF1257E4AB9008FA95D /* Endpoints */,
				B81B2DEA257E4AB9008FA95D /* Extensions */,
				B81B2DEE257E4AB9008FA95D /* File */,
				B81B2DE4257E4AB9008FA95D /* Models */,
				B81B2DD8257E4AAF008FA95D /* main.swift */,
				B81B2DED257E4AB9008FA95D /* StravaSession.swift */,
			);
			path = StravaAPI;
			sourceTree = "<group>";
		};
		B81B2DE4257E4AB9008FA95D /* Models */ = {
			isa = PBXGroup;
			children = (
				B81B2DE7257E4AB9008FA95D /* Athlete.swift */,
				B81B2DE6257E4AB9008FA95D /* StravaModel.swift */,
				B81B2DE8257E4AB9008FA95D /* Token.swift */,
				B81B2DE5257E4AB9008FA95D /* TokenRequest.swift */,
			);
			path = Models;
			sourceTree = "<group>";
		};
		B81B2DEA257E4AB9008FA95D /* Extensions */ = {
			isa = PBXGroup;
			children = (
				B81B2DEC257E4AB9008FA95D /* HTTPHeaders+Extensions.swift */,
				B89245CA25E7CB2B0026C4D9 /* String+Extensions.swift */,
				B89245D025E7D7D80026C4D9 /* TokenRequest+URLQueryItem.swift */,
				B89245E825E7DC8D0026C4D9 /* URL+ProjectDirectory.swift */,
			);
			path = Extensions;
			sourceTree = "<group>";
		};
		B81B2DEE257E4AB9008FA95D /* File */ = {
			isa = PBXGroup;
			children = (
				B89245FA25E7E24A0026C4D9 /* FileURLError.swift */,
				B892460425E7F36C0026C4D9 /* ModelFile.swift */,
				B81B2DEF257E4AB9008FA95D /* TokenFile.swift */,
				B81B2DF0257E4AB9008FA95D /* TokenRequestFile.swift */,
			);
			path = File;
			sourceTree = "<group>";
		};
		B81B2DF1257E4AB9008FA95D /* Endpoints */ = {
			isa = PBXGroup;
			children = (
				B81B2DF3257E4AB9008FA95D /* StravaAPI.swift */,
				B81B2DF2257E4AB9008FA95D /* URLComponents+Strava.swift */,
			);
			path = Endpoints;
			sourceTree = "<group>";
		};
		B859FB6C25F230D80058EDAC /* Keychain */ = {
			isa = PBXGroup;
			children = (
				B859FB6E25F230E80058EDAC /* KeychainError.swift */,
				B859FB6F25F230E90058EDAC /* KeychainToken.swift */,
				B859FB6D25F230E80058EDAC /* NotificationCenter+KeychainToken.swift */,
			);
			path = Keychain;
			sourceTree = "<group>";
		};
		B8743A76262D731C0018C3A9 /* Model */ = {
			isa = PBXGroup;
			children = (
				OBJ_24 /* Result+Model.swift */,
				B872BEB425A38BBF0031D619 /* AFDataResponse+Model.swift */,
			);
			path = Model;
			sourceTree = "<group>";
		};
		B8743A77262D73380018C3A9 /* Default */ = {
			isa = PBXGroup;
			children = (
				B872BEC825A38C3D0031D619 /* JSONDecoder+Default.swift */,
				B872BECE25A38C4D0031D619 /* JSONEncoder+Default.swift */,
			);
			path = Default;
			sourceTree = "<group>";
		};
		B89245B225E7C77F0026C4D9 /* Frameworks */ = {
			isa = PBXGroup;
			children = (
				B89245B325E7C77F0026C4D9 /* Alamofire.xcframework */,
			);
			name = Frameworks;
			sourceTree = "<group>";
		};
		OBJ_15 /* HTTPRequest */ = {
			isa = PBXGroup;
			children = (
				OBJ_16 /* Configuration.swift */,
				OBJ_17 /* HTTPRequest.swift */,
				OBJ_18 /* HTTPRequestable.swift */,
				B866911A25BDA287003A10DB /* HTTPRequest+Build.swift */,
			);
			path = HTTPRequest;
			sourceTree = "<group>";
		};
		OBJ_19 /* Model */ = {
			isa = PBXGroup;
			children = (
				OBJ_22 /* Model.swift */,
				OBJ_25 /* SnakeCaseModel.swift */,
				B887DD5A25FC24DF0053FDB4 /* Environment.swift */,
			);
			path = Model;
			sourceTree = "<group>";
		};
		OBJ_26 /* Session */ = {
			isa = PBXGroup;
			children = (
				OBJ_27 /* Session+URLRequest.swift */,
				OBJ_28 /* Session+URLRequestConvertible.swift */,
			);
			path = Session;
			sourceTree = "<group>";
		};
		OBJ_29 /* Tests */ = {
			isa = PBXGroup;
			children = (
				OBJ_30 /* HTTPRequestTests */,
			);
			name = Tests;
			sourceTree = SOURCE_ROOT;
		};
		OBJ_30 /* HTTPRequestTests */ = {
			isa = PBXGroup;
			children = (
				OBJ_31 /* HTTPRequestTests.swift */,
				OBJ_32 /* StringDataTests.swift */,
				OBJ_33 /* XCTestManifests.swift */,
				B8EC0FB326B30104002D4E44 /* KeychainTests.swift */,
			);
			name = HTTPRequestTests;
			path = Tests/HTTPRequestTests;
			sourceTree = SOURCE_ROOT;
		};
		OBJ_34 /* Dependencies */ = {
			isa = PBXGroup;
			children = (
				OBJ_35 /* Alamofire 5.2.2 */,
			);
			name = Dependencies;
			sourceTree = "<group>";
		};
		OBJ_35 /* Alamofire 5.2.2 */ = {
			isa = PBXGroup;
			children = (
				OBJ_36 /* Package.swift */,
				OBJ_37 /* AFError.swift */,
				OBJ_38 /* Alamofire.swift */,
				OBJ_39 /* AlamofireExtended.swift */,
				OBJ_40 /* AuthenticationInterceptor.swift */,
				OBJ_41 /* CachedResponseHandler.swift */,
				OBJ_42 /* Combine.swift */,
				OBJ_43 /* DispatchQueue+Alamofire.swift */,
				OBJ_44 /* EventMonitor.swift */,
				OBJ_45 /* HTTPHeaders.swift */,
				OBJ_46 /* HTTPMethod.swift */,
				OBJ_47 /* MultipartFormData.swift */,
				OBJ_48 /* MultipartUpload.swift */,
				OBJ_49 /* NetworkReachabilityManager.swift */,
				OBJ_50 /* Notifications.swift */,
				OBJ_51 /* OperationQueue+Alamofire.swift */,
				OBJ_52 /* ParameterEncoder.swift */,
				OBJ_53 /* ParameterEncoding.swift */,
				OBJ_54 /* Protected.swift */,
				OBJ_55 /* RedirectHandler.swift */,
				OBJ_56 /* Request.swift */,
				OBJ_57 /* RequestInterceptor.swift */,
				OBJ_58 /* RequestTaskMap.swift */,
				OBJ_59 /* Response.swift */,
				OBJ_60 /* ResponseSerialization.swift */,
				OBJ_61 /* Result+Alamofire.swift */,
				OBJ_62 /* RetryPolicy.swift */,
				OBJ_63 /* ServerTrustEvaluation.swift */,
				OBJ_64 /* Session.swift */,
				OBJ_65 /* SessionDelegate.swift */,
				OBJ_66 /* StringEncoding+Alamofire.swift */,
				OBJ_67 /* URLConvertible+URLRequestConvertible.swift */,
				OBJ_68 /* URLEncodedFormEncoder.swift */,
				OBJ_69 /* URLRequest+Alamofire.swift */,
				OBJ_70 /* URLSessionConfiguration+Alamofire.swift */,
				OBJ_71 /* Validation.swift */,
			);
			name = "Alamofire 5.2.2";
			path = .build/checkouts/Alamofire/Source;
			sourceTree = SOURCE_ROOT;
		};
		OBJ_5 = {
			isa = PBXGroup;
			children = (
				OBJ_6 /* Package.swift */,
				OBJ_7 /* Sources */,
				OBJ_29 /* Tests */,
				OBJ_34 /* Dependencies */,
				OBJ_72 /* Products */,
				OBJ_77 /* LICENSE */,
				OBJ_78 /* HTTPRequest.podspec */,
				OBJ_79 /* README.md */,
				B89245B225E7C77F0026C4D9 /* Frameworks */,
				B81B2DD7257E4AAF008FA95D /* StravaAPI */,
			);
			sourceTree = "<group>";
		};
		OBJ_7 /* Sources */ = {
			isa = PBXGroup;
			children = (
				OBJ_8 /* Extensions */,
				OBJ_15 /* HTTPRequest */,
				OBJ_19 /* Model */,
				OBJ_26 /* Session */,
				B859FB6C25F230D80058EDAC /* Keychain */,
			);
			path = Sources;
			sourceTree = SOURCE_ROOT;
		};
		OBJ_72 /* Products */ = {
			isa = PBXGroup;
			children = (
				"HTTPRequest::HTTPRequestTests::Product" /* HTTPRequestTests.xctest */,
				"HTTPRequest::HTTPRequest::Product" /* HTTPRequest.framework */,
				B81B2DD6257E4AAF008FA95D /* StravaAPI */,
			);
			name = Products;
			sourceTree = BUILT_PRODUCTS_DIR;
		};
		OBJ_8 /* Extensions */ = {
			isa = PBXGroup;
			children = (
				OBJ_14 /* Array+URLQueryItem.swift */,
				OBJ_21 /* DateFormatter+ISO8601.swift */,
				OBJ_10 /* OSLog+Logger.swift */,
				OBJ_23 /* Result+Extensions.swift */,
				OBJ_11 /* String+Data.swift */,
				OBJ_12 /* String+Extensions.swift */,
				B8743A77262D73380018C3A9 /* Default */,
				B8743A76262D731C0018C3A9 /* Model */,
				B872BED425A38C640031D619 /* Decodable+JSON.swift */,
				B872BEDA25A38C800031D619 /* Encodable+JSON.swift */,
				B81B2DEB257E4AB9008FA95D /* FileManager+Extensions.swift */,
				B872BEC225A38C0D0031D619 /* HierarchicalDateFormatter.swift */,
				B872BEAE25A38BA70031D619 /* HTTPHeader+Headers.swift */,
			);
			path = Extensions;
			sourceTree = "<group>";
		};
/* End PBXGroup section */

/* Begin PBXNativeTarget section */
		B81B2DD5257E4AAF008FA95D /* StravaAPI */ = {
			isa = PBXNativeTarget;
			buildConfigurationList = B81B2DDA257E4AAF008FA95D /* Build configuration list for PBXNativeTarget "StravaAPI" */;
			buildPhases = (
				B81B2DD2257E4AAF008FA95D /* Sources */,
				B81B2DD3257E4AAF008FA95D /* Frameworks */,
				B81B2DD4257E4AAF008FA95D /* CopyFiles */,
				B81B2E16257E4B3F008FA95D /* Embed Frameworks */,
				B82C18CF25992A9F00212949 /* Carthage Debug Symbols */,
			);
			buildRules = (
			);
			dependencies = (
				B81B2E15257E4B3E008FA95D /* PBXTargetDependency */,
			);
			name = StravaAPI;
			productName = StravaAPI2;
			productReference = B81B2DD6257E4AAF008FA95D /* StravaAPI */;
			productType = "com.apple.product-type.tool";
		};
		"HTTPRequest::HTTPRequest" /* HTTPRequest */ = {
			isa = PBXNativeTarget;
			buildConfigurationList = OBJ_128 /* Build configuration list for PBXNativeTarget "HTTPRequest" */;
			buildPhases = (
				B8ED3FE325A2416700685ADA /* Swift Lint */,
				OBJ_131 /* Sources */,
				OBJ_149 /* Frameworks */,
			);
			buildRules = (
			);
			dependencies = (
			);
			name = HTTPRequest;
			productName = HTTPRequest;
			productReference = "HTTPRequest::HTTPRequest::Product" /* HTTPRequest.framework */;
			productType = "com.apple.product-type.framework";
		};
		"HTTPRequest::HTTPRequestTests" /* HTTPRequestTests */ = {
			isa = PBXNativeTarget;
			buildConfigurationList = OBJ_164 /* Build configuration list for PBXNativeTarget "HTTPRequestTests" */;
			buildPhases = (
				OBJ_167 /* Sources */,
				OBJ_171 /* Frameworks */,
			);
			buildRules = (
			);
			dependencies = (
				OBJ_174 /* PBXTargetDependency */,
			);
			name = HTTPRequestTests;
			productName = HTTPRequestTests;
			productReference = "HTTPRequest::HTTPRequestTests::Product" /* HTTPRequestTests.xctest */;
			productType = "com.apple.product-type.bundle.unit-test";
		};
		"HTTPRequest::SwiftPMPackageDescription" /* HTTPRequestPackageDescription */ = {
			isa = PBXNativeTarget;
			buildConfigurationList = OBJ_153 /* Build configuration list for PBXNativeTarget "HTTPRequestPackageDescription" */;
			buildPhases = (
				OBJ_156 /* Sources */,
			);
			buildRules = (
			);
			dependencies = (
			);
			name = HTTPRequestPackageDescription;
			productName = HTTPRequestPackageDescription;
			productType = "com.apple.product-type.framework";
		};
/* End PBXNativeTarget section */

/* Begin PBXProject section */
		OBJ_1 /* Project object */ = {
			isa = PBXProject;
			attributes = {
				LastSwiftMigration = 9999;
				LastSwiftUpdateCheck = 1230;
				LastUpgradeCheck = 1230;
				TargetAttributes = {
					B81B2DD5257E4AAF008FA95D = {
						CreatedOnToolsVersion = 12.2;
					};
				};
			};
			buildConfigurationList = OBJ_2 /* Build configuration list for PBXProject "HTTPRequest" */;
			compatibilityVersion = "Xcode 3.2";
			developmentRegion = en;
			hasScannedForEncodings = 0;
			knownRegions = (
				en,
				Base,
			);
			mainGroup = OBJ_5;
			productRefGroup = OBJ_72 /* Products */;
			projectDirPath = "";
			projectRoot = "";
			targets = (
				"HTTPRequest::HTTPRequest" /* HTTPRequest */,
				"HTTPRequest::SwiftPMPackageDescription" /* HTTPRequestPackageDescription */,
				"HTTPRequest::HTTPRequestPackageTests::ProductTarget" /* HTTPRequestPackageTests */,
				"HTTPRequest::HTTPRequestTests" /* HTTPRequestTests */,
				B81B2DD5257E4AAF008FA95D /* StravaAPI */,
			);
		};
/* End PBXProject section */

/* Begin PBXShellScriptBuildPhase section */
		B8ED3FE325A2416700685ADA /* Swift Lint */ = {
			isa = PBXShellScriptBuildPhase;
			buildActionMask = 2147483647;
			files = (
			);
			inputFileListPaths = (
			);
			inputPaths = (
			);
			name = "Swift Lint";
			outputFileListPaths = (
			);
			outputPaths = (
			);
			runOnlyForDeploymentPostprocessing = 0;
			shellPath = /bin/sh;
			shellScript = "if which swiftlint >/dev/null; then\n  swiftlint\nelse\n  echo \"warning: SwiftLint not installed, download from https://github.com/realm/SwiftLint\"\nfi\n";
		};
/* End PBXShellScriptBuildPhase section */

/* Begin PBXSourcesBuildPhase section */
		B81B2DD2257E4AAF008FA95D /* Sources */ = {
			isa = PBXSourcesBuildPhase;
			buildActionMask = 2147483647;
			files = (
				B81B2E5B257E4B96008FA95D /* Athlete.swift in Sources */,
				B89245FB25E7E24A0026C4D9 /* FileURLError.swift in Sources */,
				B81B2E38257E4B89008FA95D /* HTTPHeaders+Extensions.swift in Sources */,
				B81B2DD9257E4AAF008FA95D /* main.swift in Sources */,
				B892460525E7F36C0026C4D9 /* ModelFile.swift in Sources */,
				B81B2E2A257E4B81008FA95D /* StravaAPI.swift in Sources */,
				B81B2E54257E4B93008FA95D /* StravaModel.swift in Sources */,
				B81B2E69257E4B9A008FA95D /* StravaSession.swift in Sources */,
				B89245CB25E7CB2B0026C4D9 /* String+Extensions.swift in Sources */,
				B81B2E62257E4B98008FA95D /* Token.swift in Sources */,
				B81B2E3F257E4B8C008FA95D /* TokenFile.swift in Sources */,
				B89245D125E7D7D80026C4D9 /* TokenRequest+URLQueryItem.swift in Sources */,
				B81B2E4D257E4B91008FA95D /* TokenRequest.swift in Sources */,
				B81B2E46257E4B8E008FA95D /* TokenRequestFile.swift in Sources */,
				B89245E925E7DC8D0026C4D9 /* URL+ProjectDirectory.swift in Sources */,
				B81B2E23257E4B7E008FA95D /* URLComponents+Strava.swift in Sources */,
			);
			runOnlyForDeploymentPostprocessing = 0;
		};
		OBJ_131 /* Sources */ = {
			isa = PBXSourcesBuildPhase;
			buildActionMask = 0;
			files = (
				OBJ_133 /* OSLog+Logger.swift in Sources */,
				OBJ_134 /* String+Data.swift in Sources */,
				OBJ_135 /* String+Extensions.swift in Sources */,
				OBJ_137 /* Array+URLQueryItem.swift in Sources */,
				OBJ_138 /* Configuration.swift in Sources */,
				OBJ_139 /* HTTPRequest.swift in Sources */,
				OBJ_140 /* HTTPRequestable.swift in Sources */,
				OBJ_142 /* DateFormatter+ISO8601.swift in Sources */,
				OBJ_143 /* Model.swift in Sources */,
				OBJ_144 /* Result+Extensions.swift in Sources */,
				OBJ_145 /* Result+Model.swift in Sources */,
				OBJ_146 /* SnakeCaseModel.swift in Sources */,
				OBJ_147 /* Session+URLRequest.swift in Sources */,
				OBJ_148 /* Session+URLRequestConvertible.swift in Sources */,
				B872BEB525A38BBF0031D619 /* AFDataResponse+Model.swift in Sources */,
				B872BED525A38C640031D619 /* Decodable+JSON.swift in Sources */,
				B872BEDB25A38C800031D619 /* Encodable+JSON.swift in Sources */,
				B887DD5B25FC24DF0053FDB4 /* Environment.swift in Sources */,
				B8ED3FD925A209EC00685ADA /* FileManager+Extensions.swift in Sources */,
				B872BEC325A38C0D0031D619 /* HierarchicalDateFormatter.swift in Sources */,
				B872BEAF25A38BA70031D619 /* HTTPHeader+Headers.swift in Sources */,
				B866911B25BDA287003A10DB /* HTTPRequest+Build.swift in Sources */,
				B872BEC925A38C3D0031D619 /* JSONDecoder+Default.swift in Sources */,
				B872BECF25A38C4D0031D619 /* JSONEncoder+Default.swift in Sources */,
				B859FB7125F230E90058EDAC /* KeychainError.swift in Sources */,
				B859FB7225F230E90058EDAC /* KeychainToken.swift in Sources */,
				B859FB7025F230E90058EDAC /* NotificationCenter+KeychainToken.swift in Sources */,
			);
			runOnlyForDeploymentPostprocessing = 0;
		};
		OBJ_156 /* Sources */ = {
			isa = PBXSourcesBuildPhase;
			buildActionMask = 0;
			files = (
				OBJ_157 /* Package.swift in Sources */,
			);
			runOnlyForDeploymentPostprocessing = 0;
		};
		OBJ_167 /* Sources */ = {
			isa = PBXSourcesBuildPhase;
			buildActionMask = 0;
			files = (
				OBJ_168 /* HTTPRequestTests.swift in Sources */,
				OBJ_169 /* StringDataTests.swift in Sources */,
				OBJ_170 /* XCTestManifests.swift in Sources */,
				B8EC0FB426B30104002D4E44 /* KeychainTests.swift in Sources */,
			);
			runOnlyForDeploymentPostprocessing = 0;
		};
/* End PBXSourcesBuildPhase section */

/* Begin PBXTargetDependency section */
		B81B2E15257E4B3E008FA95D /* PBXTargetDependency */ = {
			isa = PBXTargetDependency;
			target = "HTTPRequest::HTTPRequest" /* HTTPRequest */;
			targetProxy = B81B2E14257E4B3E008FA95D /* PBXContainerItemProxy */;
		};
		OBJ_162 /* PBXTargetDependency */ = {
			isa = PBXTargetDependency;
			target = "HTTPRequest::HTTPRequestTests" /* HTTPRequestTests */;
			targetProxy = B89D9230257E3FCF00D17B85 /* PBXContainerItemProxy */;
		};
		OBJ_174 /* PBXTargetDependency */ = {
			isa = PBXTargetDependency;
			target = "HTTPRequest::HTTPRequest" /* HTTPRequest */;
			targetProxy = B89D922A257E3FCE00D17B85 /* PBXContainerItemProxy */;
		};
/* End PBXTargetDependency section */

/* Begin XCBuildConfiguration section */
		B81B2DDB257E4AAF008FA95D /* Debug */ = {
			isa = XCBuildConfiguration;
			buildSettings = {
				ALWAYS_SEARCH_USER_PATHS = NO;
				CLANG_ANALYZER_NONNULL = YES;
				CLANG_ANALYZER_NUMBER_OBJECT_CONVERSION = YES_AGGRESSIVE;
				CLANG_CXX_LANGUAGE_STANDARD = "gnu++14";
				CLANG_CXX_LIBRARY = "libc++";
				CLANG_ENABLE_MODULES = YES;
				CLANG_ENABLE_OBJC_WEAK = YES;
				CLANG_WARN_BLOCK_CAPTURE_AUTORELEASING = YES;
				CLANG_WARN_BOOL_CONVERSION = YES;
				CLANG_WARN_COMMA = YES;
				CLANG_WARN_CONSTANT_CONVERSION = YES;
				CLANG_WARN_DEPRECATED_OBJC_IMPLEMENTATIONS = YES;
				CLANG_WARN_DIRECT_OBJC_ISA_USAGE = YES_ERROR;
				CLANG_WARN_DOCUMENTATION_COMMENTS = YES;
				CLANG_WARN_EMPTY_BODY = YES;
				CLANG_WARN_ENUM_CONVERSION = YES;
				CLANG_WARN_INFINITE_RECURSION = YES;
				CLANG_WARN_INT_CONVERSION = YES;
				CLANG_WARN_NON_LITERAL_NULL_CONVERSION = YES;
				CLANG_WARN_OBJC_IMPLICIT_RETAIN_SELF = YES;
				CLANG_WARN_OBJC_LITERAL_CONVERSION = YES;
				CLANG_WARN_OBJC_ROOT_CLASS = YES_ERROR;
				CLANG_WARN_QUOTED_INCLUDE_IN_FRAMEWORK_HEADER = YES;
				CLANG_WARN_RANGE_LOOP_ANALYSIS = YES;
				CLANG_WARN_STRICT_PROTOTYPES = YES;
				CLANG_WARN_SUSPICIOUS_MOVE = YES;
				CLANG_WARN_UNGUARDED_AVAILABILITY = YES_AGGRESSIVE;
				CLANG_WARN_UNREACHABLE_CODE = YES;
				CLANG_WARN__DUPLICATE_METHOD_MATCH = YES;
				CODE_SIGN_IDENTITY = "-";
				CODE_SIGN_STYLE = Automatic;
				ENABLE_STRICT_OBJC_MSGSEND = YES;
				ENABLE_TESTABILITY = YES;
				GCC_C_LANGUAGE_STANDARD = gnu11;
				GCC_DYNAMIC_NO_PIC = NO;
				GCC_NO_COMMON_BLOCKS = YES;
				GCC_PREPROCESSOR_DEFINITIONS = (
					"DEBUG=1",
					"$(inherited)",
				);
				GCC_WARN_64_TO_32_BIT_CONVERSION = YES;
				GCC_WARN_ABOUT_RETURN_TYPE = YES_ERROR;
				GCC_WARN_UNDECLARED_SELECTOR = YES;
				GCC_WARN_UNINITIALIZED_AUTOS = YES_AGGRESSIVE;
				GCC_WARN_UNUSED_FUNCTION = YES;
				GCC_WARN_UNUSED_VARIABLE = YES;
				MACOSX_DEPLOYMENT_TARGET = 10.15;
				MTL_ENABLE_DEBUG_INFO = INCLUDE_SOURCE;
				MTL_FAST_MATH = YES;
				NEW_SETTING = "";
				PRODUCT_NAME = "$(TARGET_NAME)";
				SDKROOT = macosx;
				SWIFT_ACTIVE_COMPILATION_CONDITIONS = DEBUG;
				SWIFT_VERSION = 5.0;
			};
			name = Debug;
		};
		B81B2DDC257E4AAF008FA95D /* Release */ = {
			isa = XCBuildConfiguration;
			buildSettings = {
				ALWAYS_SEARCH_USER_PATHS = NO;
				CLANG_ANALYZER_NONNULL = YES;
				CLANG_ANALYZER_NUMBER_OBJECT_CONVERSION = YES_AGGRESSIVE;
				CLANG_CXX_LANGUAGE_STANDARD = "gnu++14";
				CLANG_CXX_LIBRARY = "libc++";
				CLANG_ENABLE_MODULES = YES;
				CLANG_ENABLE_OBJC_WEAK = YES;
				CLANG_WARN_BLOCK_CAPTURE_AUTORELEASING = YES;
				CLANG_WARN_BOOL_CONVERSION = YES;
				CLANG_WARN_COMMA = YES;
				CLANG_WARN_CONSTANT_CONVERSION = YES;
				CLANG_WARN_DEPRECATED_OBJC_IMPLEMENTATIONS = YES;
				CLANG_WARN_DIRECT_OBJC_ISA_USAGE = YES_ERROR;
				CLANG_WARN_DOCUMENTATION_COMMENTS = YES;
				CLANG_WARN_EMPTY_BODY = YES;
				CLANG_WARN_ENUM_CONVERSION = YES;
				CLANG_WARN_INFINITE_RECURSION = YES;
				CLANG_WARN_INT_CONVERSION = YES;
				CLANG_WARN_NON_LITERAL_NULL_CONVERSION = YES;
				CLANG_WARN_OBJC_IMPLICIT_RETAIN_SELF = YES;
				CLANG_WARN_OBJC_LITERAL_CONVERSION = YES;
				CLANG_WARN_OBJC_ROOT_CLASS = YES_ERROR;
				CLANG_WARN_QUOTED_INCLUDE_IN_FRAMEWORK_HEADER = YES;
				CLANG_WARN_RANGE_LOOP_ANALYSIS = YES;
				CLANG_WARN_STRICT_PROTOTYPES = YES;
				CLANG_WARN_SUSPICIOUS_MOVE = YES;
				CLANG_WARN_UNGUARDED_AVAILABILITY = YES_AGGRESSIVE;
				CLANG_WARN_UNREACHABLE_CODE = YES;
				CLANG_WARN__DUPLICATE_METHOD_MATCH = YES;
				CODE_SIGN_IDENTITY = "-";
				CODE_SIGN_STYLE = Automatic;
				COPY_PHASE_STRIP = NO;
				ENABLE_NS_ASSERTIONS = NO;
				ENABLE_STRICT_OBJC_MSGSEND = YES;
				GCC_C_LANGUAGE_STANDARD = gnu11;
				GCC_NO_COMMON_BLOCKS = YES;
				GCC_WARN_64_TO_32_BIT_CONVERSION = YES;
				GCC_WARN_ABOUT_RETURN_TYPE = YES_ERROR;
				GCC_WARN_UNDECLARED_SELECTOR = YES;
				GCC_WARN_UNINITIALIZED_AUTOS = YES_AGGRESSIVE;
				GCC_WARN_UNUSED_FUNCTION = YES;
				GCC_WARN_UNUSED_VARIABLE = YES;
				MACOSX_DEPLOYMENT_TARGET = 10.15;
				MTL_ENABLE_DEBUG_INFO = NO;
				MTL_FAST_MATH = YES;
				NEW_SETTING = "";
				PRODUCT_NAME = "$(TARGET_NAME)";
				SDKROOT = macosx;
				SWIFT_VERSION = 5.0;
			};
			name = Release;
		};
		OBJ_129 /* Debug */ = {
			isa = XCBuildConfiguration;
			buildSettings = {
				CURRENT_PROJECT_VERSION = 1;
				ENABLE_TESTABILITY = YES;
				EXCLUDED_ARCHS = "";
				"EXCLUDED_ARCHS[sdk=iphonesimulator*]" = arm64;
				FRAMEWORK_SEARCH_PATHS = (
					"$(inherited)",
					"$(PLATFORM_DIR)/Developer/Library/Frameworks",
					"$(PROJECT_DIR)/Carthage/Build",
				);
				HEADER_SEARCH_PATHS = "$(inherited)";
				INFOPLIST_FILE = HTTPRequest.xcodeproj/HTTPRequest_Info.plist;
				IPHONEOS_DEPLOYMENT_TARGET = 12.0;
				LD_RUNPATH_SEARCH_PATHS = (
					"$(inherited)",
					"$(TOOLCHAIN_DIR)/usr/lib/swift/macosx",
				);
				MACOSX_DEPLOYMENT_TARGET = 10.14;
				MARKETING_VERSION = 1.0.0;
				OTHER_CFLAGS = "$(inherited)";
				OTHER_LDFLAGS = "$(inherited)";
				OTHER_SWIFT_FLAGS = "$(inherited)";
				PRODUCT_BUNDLE_IDENTIFIER = com.benshutt.HTTPRequest;
				PRODUCT_MODULE_NAME = "$(TARGET_NAME:c99extidentifier)";
				PRODUCT_NAME = "$(TARGET_NAME:c99extidentifier)";
				SKIP_INSTALL = YES;
				SWIFT_ACTIVE_COMPILATION_CONDITIONS = "$(inherited)";
				SWIFT_VERSION = 5.0;
				TARGET_NAME = HTTPRequest;
				TVOS_DEPLOYMENT_TARGET = 12.0;
				WATCHOS_DEPLOYMENT_TARGET = 7.4;
			};
			name = Debug;
		};
		OBJ_130 /* Release */ = {
			isa = XCBuildConfiguration;
			buildSettings = {
				CURRENT_PROJECT_VERSION = 1;
				ENABLE_TESTABILITY = YES;
				EXCLUDED_ARCHS = "";
				"EXCLUDED_ARCHS[sdk=iphonesimulator*]" = arm64;
				FRAMEWORK_SEARCH_PATHS = (
					"$(inherited)",
					"$(PLATFORM_DIR)/Developer/Library/Frameworks",
					"$(PROJECT_DIR)/Carthage/Build",
				);
				HEADER_SEARCH_PATHS = "$(inherited)";
				INFOPLIST_FILE = HTTPRequest.xcodeproj/HTTPRequest_Info.plist;
				IPHONEOS_DEPLOYMENT_TARGET = 12.0;
				LD_RUNPATH_SEARCH_PATHS = (
					"$(inherited)",
					"$(TOOLCHAIN_DIR)/usr/lib/swift/macosx",
				);
				MACOSX_DEPLOYMENT_TARGET = 10.14;
				MARKETING_VERSION = 1.0.0;
				OTHER_CFLAGS = "$(inherited)";
				OTHER_LDFLAGS = "$(inherited)";
				OTHER_SWIFT_FLAGS = "$(inherited)";
				PRODUCT_BUNDLE_IDENTIFIER = com.benshutt.HTTPRequest;
				PRODUCT_MODULE_NAME = "$(TARGET_NAME:c99extidentifier)";
				PRODUCT_NAME = "$(TARGET_NAME:c99extidentifier)";
				SKIP_INSTALL = YES;
				SWIFT_ACTIVE_COMPILATION_CONDITIONS = "$(inherited)";
				SWIFT_VERSION = 5.0;
				TARGET_NAME = HTTPRequest;
				TVOS_DEPLOYMENT_TARGET = 12.0;
				WATCHOS_DEPLOYMENT_TARGET = 7.4;
			};
			name = Release;
		};
		OBJ_154 /* Debug */ = {
			isa = XCBuildConfiguration;
			buildSettings = {
				LD = /usr/bin/true;
				OTHER_SWIFT_FLAGS = "-swift-version 5 -I $(TOOLCHAIN_DIR)/usr/lib/swift/pm/4_2 -sdk /Applications/Xcode.app/Contents/Developer/Platforms/MacOSX.platform/Developer/SDKs/MacOSX11.0.sdk -package-description-version 5.3.0";
				SWIFT_VERSION = 5.0;
			};
			name = Debug;
		};
		OBJ_155 /* Release */ = {
			isa = XCBuildConfiguration;
			buildSettings = {
				LD = /usr/bin/true;
				OTHER_SWIFT_FLAGS = "-swift-version 5 -I $(TOOLCHAIN_DIR)/usr/lib/swift/pm/4_2 -sdk /Applications/Xcode.app/Contents/Developer/Platforms/MacOSX.platform/Developer/SDKs/MacOSX11.0.sdk -package-description-version 5.3.0";
				SWIFT_VERSION = 5.0;
			};
			name = Release;
		};
		OBJ_160 /* Debug */ = {
			isa = XCBuildConfiguration;
			buildSettings = {
			};
			name = Debug;
		};
		OBJ_161 /* Release */ = {
			isa = XCBuildConfiguration;
			buildSettings = {
			};
			name = Release;
		};
		OBJ_165 /* Debug */ = {
			isa = XCBuildConfiguration;
			buildSettings = {
				ALWAYS_EMBED_SWIFT_STANDARD_LIBRARIES = YES;
				CLANG_ENABLE_MODULES = YES;
				FRAMEWORK_SEARCH_PATHS = (
					"$(inherited)",
					"$(PLATFORM_DIR)/Developer/Library/Frameworks",
				);
				HEADER_SEARCH_PATHS = "$(inherited)";
				INFOPLIST_FILE = HTTPRequest.xcodeproj/HTTPRequestTests_Info.plist;
				IPHONEOS_DEPLOYMENT_TARGET = 14.0;
				LD_RUNPATH_SEARCH_PATHS = (
					"$(inherited)",
					"@loader_path/../Frameworks",
					"@loader_path/Frameworks",
				);
				MACOSX_DEPLOYMENT_TARGET = 10.15;
				OTHER_CFLAGS = "$(inherited)";
				OTHER_LDFLAGS = "$(inherited)";
				OTHER_SWIFT_FLAGS = "$(inherited)";
				SWIFT_ACTIVE_COMPILATION_CONDITIONS = "$(inherited)";
				SWIFT_VERSION = 5.0;
				TARGET_NAME = HTTPRequestTests;
				TVOS_DEPLOYMENT_TARGET = 12.0;
				WATCHOS_DEPLOYMENT_TARGET = 7.4;
			};
			name = Debug;
		};
		OBJ_166 /* Release */ = {
			isa = XCBuildConfiguration;
			buildSettings = {
				ALWAYS_EMBED_SWIFT_STANDARD_LIBRARIES = YES;
				CLANG_ENABLE_MODULES = YES;
				FRAMEWORK_SEARCH_PATHS = (
					"$(inherited)",
					"$(PLATFORM_DIR)/Developer/Library/Frameworks",
				);
				HEADER_SEARCH_PATHS = "$(inherited)";
				INFOPLIST_FILE = HTTPRequest.xcodeproj/HTTPRequestTests_Info.plist;
				IPHONEOS_DEPLOYMENT_TARGET = 14.0;
				LD_RUNPATH_SEARCH_PATHS = (
					"$(inherited)",
					"@loader_path/../Frameworks",
					"@loader_path/Frameworks",
				);
				MACOSX_DEPLOYMENT_TARGET = 10.15;
				OTHER_CFLAGS = "$(inherited)";
				OTHER_LDFLAGS = "$(inherited)";
				OTHER_SWIFT_FLAGS = "$(inherited)";
				SWIFT_ACTIVE_COMPILATION_CONDITIONS = "$(inherited)";
				SWIFT_VERSION = 5.0;
				TARGET_NAME = HTTPRequestTests;
				TVOS_DEPLOYMENT_TARGET = 12.0;
				WATCHOS_DEPLOYMENT_TARGET = 7.4;
			};
			name = Release;
		};
		OBJ_3 /* Debug */ = {
			isa = XCBuildConfiguration;
			buildSettings = {
				CLANG_ENABLE_OBJC_ARC = YES;
				CLANG_WARN_BLOCK_CAPTURE_AUTORELEASING = YES;
				CLANG_WARN_BOOL_CONVERSION = YES;
				CLANG_WARN_COMMA = YES;
				CLANG_WARN_CONSTANT_CONVERSION = YES;
				CLANG_WARN_DEPRECATED_OBJC_IMPLEMENTATIONS = YES;
				CLANG_WARN_EMPTY_BODY = YES;
				CLANG_WARN_ENUM_CONVERSION = YES;
				CLANG_WARN_INFINITE_RECURSION = YES;
				CLANG_WARN_INT_CONVERSION = YES;
				CLANG_WARN_NON_LITERAL_NULL_CONVERSION = YES;
				CLANG_WARN_OBJC_IMPLICIT_RETAIN_SELF = YES;
				CLANG_WARN_OBJC_LITERAL_CONVERSION = YES;
				CLANG_WARN_QUOTED_INCLUDE_IN_FRAMEWORK_HEADER = YES;
				CLANG_WARN_RANGE_LOOP_ANALYSIS = YES;
				CLANG_WARN_STRICT_PROTOTYPES = YES;
				CLANG_WARN_SUSPICIOUS_MOVE = YES;
				CLANG_WARN_UNREACHABLE_CODE = YES;
				CLANG_WARN__DUPLICATE_METHOD_MATCH = YES;
				COMBINE_HIDPI_IMAGES = YES;
				COPY_PHASE_STRIP = NO;
				DEBUG_INFORMATION_FORMAT = dwarf;
				DYLIB_INSTALL_NAME_BASE = "@rpath";
				ENABLE_NS_ASSERTIONS = YES;
				ENABLE_STRICT_OBJC_MSGSEND = YES;
				ENABLE_TESTABILITY = YES;
				GCC_NO_COMMON_BLOCKS = YES;
				GCC_OPTIMIZATION_LEVEL = 0;
				GCC_PREPROCESSOR_DEFINITIONS = (
					"$(inherited)",
					"SWIFT_PACKAGE=1",
					"DEBUG=1",
				);
				GCC_WARN_64_TO_32_BIT_CONVERSION = YES;
				GCC_WARN_ABOUT_RETURN_TYPE = YES;
				GCC_WARN_UNDECLARED_SELECTOR = YES;
				GCC_WARN_UNINITIALIZED_AUTOS = YES;
				GCC_WARN_UNUSED_FUNCTION = YES;
				GCC_WARN_UNUSED_VARIABLE = YES;
				MACOSX_DEPLOYMENT_TARGET = 10.10;
				ONLY_ACTIVE_ARCH = YES;
				OTHER_SWIFT_FLAGS = "$(inherited) -DXcode";
				PRODUCT_NAME = "$(TARGET_NAME)";
				SDKROOT = iphoneos;
				SUPPORTED_PLATFORMS = "macosx iphoneos iphonesimulator appletvos appletvsimulator watchos watchsimulator";
				SWIFT_ACTIVE_COMPILATION_CONDITIONS = "$(inherited) SWIFT_PACKAGE DEBUG";
				SWIFT_OPTIMIZATION_LEVEL = "-Onone";
				USE_HEADERMAP = NO;
			};
			name = Debug;
		};
		OBJ_4 /* Release */ = {
			isa = XCBuildConfiguration;
			buildSettings = {
				CLANG_ENABLE_OBJC_ARC = YES;
				CLANG_WARN_BLOCK_CAPTURE_AUTORELEASING = YES;
				CLANG_WARN_BOOL_CONVERSION = YES;
				CLANG_WARN_COMMA = YES;
				CLANG_WARN_CONSTANT_CONVERSION = YES;
				CLANG_WARN_DEPRECATED_OBJC_IMPLEMENTATIONS = YES;
				CLANG_WARN_EMPTY_BODY = YES;
				CLANG_WARN_ENUM_CONVERSION = YES;
				CLANG_WARN_INFINITE_RECURSION = YES;
				CLANG_WARN_INT_CONVERSION = YES;
				CLANG_WARN_NON_LITERAL_NULL_CONVERSION = YES;
				CLANG_WARN_OBJC_IMPLICIT_RETAIN_SELF = YES;
				CLANG_WARN_OBJC_LITERAL_CONVERSION = YES;
				CLANG_WARN_QUOTED_INCLUDE_IN_FRAMEWORK_HEADER = YES;
				CLANG_WARN_RANGE_LOOP_ANALYSIS = YES;
				CLANG_WARN_STRICT_PROTOTYPES = YES;
				CLANG_WARN_SUSPICIOUS_MOVE = YES;
				CLANG_WARN_UNREACHABLE_CODE = YES;
				CLANG_WARN__DUPLICATE_METHOD_MATCH = YES;
				COMBINE_HIDPI_IMAGES = YES;
				COPY_PHASE_STRIP = YES;
				DEBUG_INFORMATION_FORMAT = "dwarf-with-dsym";
				DYLIB_INSTALL_NAME_BASE = "@rpath";
				ENABLE_STRICT_OBJC_MSGSEND = YES;
				GCC_NO_COMMON_BLOCKS = YES;
				GCC_OPTIMIZATION_LEVEL = s;
				GCC_PREPROCESSOR_DEFINITIONS = (
					"$(inherited)",
					"SWIFT_PACKAGE=1",
				);
				GCC_WARN_64_TO_32_BIT_CONVERSION = YES;
				GCC_WARN_ABOUT_RETURN_TYPE = YES;
				GCC_WARN_UNDECLARED_SELECTOR = YES;
				GCC_WARN_UNINITIALIZED_AUTOS = YES;
				GCC_WARN_UNUSED_FUNCTION = YES;
				GCC_WARN_UNUSED_VARIABLE = YES;
				MACOSX_DEPLOYMENT_TARGET = 10.10;
				OTHER_SWIFT_FLAGS = "$(inherited) -DXcode";
				PRODUCT_NAME = "$(TARGET_NAME)";
				SDKROOT = iphoneos;
				SUPPORTED_PLATFORMS = "macosx iphoneos iphonesimulator appletvos appletvsimulator watchos watchsimulator";
				SWIFT_ACTIVE_COMPILATION_CONDITIONS = "$(inherited) SWIFT_PACKAGE";
				SWIFT_COMPILATION_MODE = wholemodule;
				SWIFT_OPTIMIZATION_LEVEL = "-O";
				USE_HEADERMAP = NO;
			};
			name = Release;
		};
/* End XCBuildConfiguration section */

/* Begin XCConfigurationList section */
		B81B2DDA257E4AAF008FA95D /* Build configuration list for PBXNativeTarget "StravaAPI" */ = {
			isa = XCConfigurationList;
			buildConfigurations = (
				B81B2DDB257E4AAF008FA95D /* Debug */,
				B81B2DDC257E4AAF008FA95D /* Release */,
			);
			defaultConfigurationIsVisible = 0;
			defaultConfigurationName = Release;
		};
		OBJ_128 /* Build configuration list for PBXNativeTarget "HTTPRequest" */ = {
			isa = XCConfigurationList;
			buildConfigurations = (
				OBJ_129 /* Debug */,
				OBJ_130 /* Release */,
			);
			defaultConfigurationIsVisible = 0;
			defaultConfigurationName = Release;
		};
		OBJ_153 /* Build configuration list for PBXNativeTarget "HTTPRequestPackageDescription" */ = {
			isa = XCConfigurationList;
			buildConfigurations = (
				OBJ_154 /* Debug */,
				OBJ_155 /* Release */,
			);
			defaultConfigurationIsVisible = 0;
			defaultConfigurationName = Release;
		};
		OBJ_159 /* Build configuration list for PBXAggregateTarget "HTTPRequestPackageTests" */ = {
			isa = XCConfigurationList;
			buildConfigurations = (
				OBJ_160 /* Debug */,
				OBJ_161 /* Release */,
			);
			defaultConfigurationIsVisible = 0;
			defaultConfigurationName = Release;
		};
		OBJ_164 /* Build configuration list for PBXNativeTarget "HTTPRequestTests" */ = {
			isa = XCConfigurationList;
			buildConfigurations = (
				OBJ_165 /* Debug */,
				OBJ_166 /* Release */,
			);
			defaultConfigurationIsVisible = 0;
			defaultConfigurationName = Release;
		};
		OBJ_2 /* Build configuration list for PBXProject "HTTPRequest" */ = {
			isa = XCConfigurationList;
			buildConfigurations = (
				OBJ_3 /* Debug */,
				OBJ_4 /* Release */,
			);
			defaultConfigurationIsVisible = 0;
			defaultConfigurationName = Release;
		};
/* End XCConfigurationList section */
	};
	rootObject = OBJ_1 /* Project object */;
}
